
Microsoft Visual Studio Solution File, Format Version 12.00
# Visual Studio 14
VisualStudioVersion = 14.0.24720.0
MinimumVisualStudioVersion = 10.0.40219.1
Project("{2150E333-8FDC-42A3-9474-1A3956D46DE8}") = "src", "src", "{F80E5A9F-1D73-4AE4-A7DC-381CC3365EE7}"
EndProject
Project("{2150E333-8FDC-42A3-9474-1A3956D46DE8}") = "Solution Items", "Solution Items", "{E67C90F5-4705-4A00-8F76-D7E2088B1082}"
	ProjectSection(SolutionItems) = preProject
		global.json = global.json
	EndProjectSection
EndProject
Project("{8BB2217D-0F2D-49D1-97BC-3654ED321F3B}") = "Angular2", "src\Angular2\Angular2.xproj", "{4D1D64AC-2F27-42B7-B356-4D91793753DF}"
EndProject
Global
	GlobalSection(SolutionConfigurationPlatforms) = preSolution
		Debug|Any CPU = Debug|Any CPU
		Release|Any CPU = Release|Any CPU
	EndGlobalSection
	GlobalSection(ProjectConfigurationPlatforms) = postSolution
		{4D1D64AC-2F27-42B7-B356-4D91793753DF}.Debug|Any CPU.ActiveCfg = Debug|Any CPU
		{4D1D64AC-2F27-42B7-B356-4D91793753DF}.Debug|Any CPU.Build.0 = Debug|Any CPU
		{4D1D64AC-2F27-42B7-B356-4D91793753DF}.Release|Any CPU.ActiveCfg = Release|Any CPU
		{4D1D64AC-2F27-42B7-B356-4D91793753DF}.Release|Any CPU.Build.0 = Release|Any CPU
	EndGlobalSection
	GlobalSection(SolutionProperties) = preSolution
		HideSolutionNode = FALSE
	EndGlobalSection
	GlobalSection(NestedProjects) = preSolution
		{4D1D64AC-2F27-42B7-B356-4D91793753DF} = {F80E5A9F-1D73-4AE4-A7DC-381CC3365EE7}
	EndGlobalSection
EndGlobal
